
Microsoft Visual Studio Solution File, Format Version 12.00
# Visual Studio 15
VisualStudioVersion = 15.0.28307.329
MinimumVisualStudioVersion = 10.0.40219.1
Project("{FAE04EC0-301F-11D3-BF4B-00C04F79EFBC}") = "DDDSample.Domain", "DDDSample.Domain\DDDSample.Domain.csproj", "{D494C679-0B2A-42F7-AB5E-97448D1B5106}"
EndProject
Project("{FAE04EC0-301F-11D3-BF4B-00C04F79EFBC}") = "DDDSample.Infrastructure", "DDDSample.Infrastructure\DDDSample.Infrastructure.csproj", "{5ACA08CD-D8E8-4218-9F30-86786EB1A355}"
EndProject
Project("{FAE04EC0-301F-11D3-BF4B-00C04F79EFBC}") = "DDDSample.Application", "DDDSample.Application\DDDSample.Application.csproj", "{50372687-6C61-40F0-89B3-79CDC1EE11AF}"
EndProject
Project("{FAE04EC0-301F-11D3-BF4B-00C04F79EFBC}") = "DDDSample.Tests", "DDDSample.Tests\DDDSample.Tests.csproj", "{624B0BAE-65B3-4717-9C96-EE6096279A55}"
EndProject
Project("{FAE04EC0-301F-11D3-BF4B-00C04F79EFBC}") = "DDDSample.API", "DDDSample.API\DDDSample.API.csproj", "{77191B9D-45C8-47CB-8146-2E1F193279DC}"
EndProject
Global
	GlobalSection(SolutionConfigurationPlatforms) = preSolution
		Debug|Any CPU = Debug|Any CPU
		Release|Any CPU = Release|Any CPU
	EndGlobalSection
	GlobalSection(ProjectConfigurationPlatforms) = postSolution
		{D494C679-0B2A-42F7-AB5E-97448D1B5106}.Debug|Any CPU.ActiveCfg = Debug|Any CPU
		{D494C679-0B2A-42F7-AB5E-97448D1B5106}.Debug|Any CPU.Build.0 = Debug|Any CPU
		{D494C679-0B2A-42F7-AB5E-97448D1B5106}.Release|Any CPU.ActiveCfg = Release|Any CPU
		{D494C679-0B2A-42F7-AB5E-97448D1B5106}.Release|Any CPU.Build.0 = Release|Any CPU
		{5ACA08CD-D8E8-4218-9F30-86786EB1A355}.Debug|Any CPU.ActiveCfg = Debug|Any CPU
		{5ACA08CD-D8E8-4218-9F30-86786EB1A355}.Debug|Any CPU.Build.0 = Debug|Any CPU
		{5ACA08CD-D8E8-4218-9F30-86786EB1A355}.Release|Any CPU.ActiveCfg = Release|Any CPU
		{5ACA08CD-D8E8-4218-9F30-86786EB1A355}.Release|Any CPU.Build.0 = Release|Any CPU
		{50372687-6C61-40F0-89B3-79CDC1EE11AF}.Debug|Any CPU.ActiveCfg = Debug|Any CPU
		{50372687-6C61-40F0-89B3-79CDC1EE11AF}.Debug|Any CPU.Build.0 = Debug|Any CPU
		{50372687-6C61-40F0-89B3-79CDC1EE11AF}.Release|Any CPU.ActiveCfg = Release|Any CPU
		{50372687-6C61-40F0-89B3-79CDC1EE11AF}.Release|Any CPU.Build.0 = Release|Any CPU
		{624B0BAE-65B3-4717-9C96-EE6096279A55}.Debug|Any CPU.ActiveCfg = Debug|Any CPU
		{624B0BAE-65B3-4717-9C96-EE6096279A55}.Debug|Any CPU.Build.0 = Debug|Any CPU
		{624B0BAE-65B3-4717-9C96-EE6096279A55}.Release|Any CPU.ActiveCfg = Release|Any CPU
		{624B0BAE-65B3-4717-9C96-EE6096279A55}.Release|Any CPU.Build.0 = Release|Any CPU
		{77191B9D-45C8-47CB-8146-2E1F193279DC}.Debug|Any CPU.ActiveCfg = Debug|Any CPU
		{77191B9D-45C8-47CB-8146-2E1F193279DC}.Debug|Any CPU.Build.0 = Debug|Any CPU
		{77191B9D-45C8-47CB-8146-2E1F193279DC}.Release|Any CPU.ActiveCfg = Release|Any CPU
		{77191B9D-45C8-47CB-8146-2E1F193279DC}.Release|Any CPU.Build.0 = Release|Any CPU
	EndGlobalSection
	GlobalSection(SolutionProperties) = preSolution
		HideSolutionNode = FALSE
	EndGlobalSection
	GlobalSection(ExtensibilityGlobals) = postSolution
		SolutionGuid = {143088E7-4E3C-4351-A0F4-56295463E662}
	EndGlobalSection
EndGlobal
